
Microsoft Visual Studio Solution File, Format Version 10.00
# Visual Studio 2008
Project("{8BC9CEB8-8B4A-11D0-8D11-00A0C91BC942}") = "xAudioPlayer_Lite", "xAudioPlayer_Lite\xAudioPlayer_Lite.vcproj", "{5B6C9159-40A8-4668-AD29-954B3884B916}"
EndProject
Project("{8BC9CEB8-8B4A-11D0-8D11-00A0C91BC942}") = "xAudioInterface", "xAudioInterface\xAudioInterface.vcproj", "{3AD984E8-1AF9-41A7-BE87-CC02B72995C8}"
EndProject
Global
	GlobalSection(SolutionConfigurationPlatforms) = preSolution
		Debug|Win32 = Debug|Win32
		Release|Win32 = Release|Win32
	EndGlobalSection
	GlobalSection(ProjectConfigurationPlatforms) = postSolution
		{5B6C9159-40A8-4668-AD29-954B3884B916}.Debug|Win32.ActiveCfg = Debug|Win32
		{5B6C9159-40A8-4668-AD29-954B3884B916}.Debug|Win32.Build.0 = Debug|Win32
		{5B6C9159-40A8-4668-AD29-954B3884B916}.Release|Win32.ActiveCfg = Release|Win32
		{5B6C9159-40A8-4668-AD29-954B3884B916}.Release|Win32.Build.0 = Release|Win32
		{3AD984E8-1AF9-41A7-BE87-CC02B72995C8}.Debug|Win32.ActiveCfg = Debug|Win32
		{3AD984E8-1AF9-41A7-BE87-CC02B72995C8}.Debug|Win32.Build.0 = Debug|Win32
		{3AD984E8-1AF9-41A7-BE87-CC02B72995C8}.Release|Win32.ActiveCfg = Release|Win32
		{3AD984E8-1AF9-41A7-BE87-CC02B72995C8}.Release|Win32.Build.0 = Release|Win32
	EndGlobalSection
	GlobalSection(SolutionProperties) = preSolution
		HideSolutionNode = FALSE
	EndGlobalSection
EndGlobal
